
Microsoft Visual Studio Solution File, Format Version 12.00
# Visual Studio 15
VisualStudioVersion = 15.0.28307.168
MinimumVisualStudioVersion = 10.0.40219.1
Project("{8BC9CEB8-8B4A-11D0-8D11-00A0C91BC942}") = "Introduction to Win32", "Introduction to Win32\Introduction to Win32.vcxproj", "{109267FC-5A89-48EA-993D-A5D60F3E99EE}"
EndProject
Project("{8BC9CEB8-8B4A-11D0-8D11-00A0C91BC942}") = "Init D3D11", "Init D3D11\Init D3D11.vcxproj", "{4E8DAAF8-4B85-4625-9234-B5FF792CF52B}"
EndProject
Project("{8BC9CEB8-8B4A-11D0-8D11-00A0C91BC942}") = "Draw A Triangle", "Draw A Triangle\Draw A Triangle.vcxproj", "{48DBB772-0006-4B94-B477-EE5DDA596FEF}"
EndProject
Project("{8BC9CEB8-8B4A-11D0-8D11-00A0C91BC942}") = "Color", "Color\Color.vcxproj", "{67E5CBAB-70C6-4BE2-877E-F5E2FFB478FE}"
EndProject
Project("{8BC9CEB8-8B4A-11D0-8D11-00A0C91BC942}") = "Indices(Index Buffer)", "Indices(Index Buffer)\Indices(Index Buffer).vcxproj", "{EAAC264B-AD57-4354-B06D-CC1BF6389E05}"
EndProject
Global
	GlobalSection(SolutionConfigurationPlatforms) = preSolution
		Debug|x64 = Debug|x64
		Debug|x86 = Debug|x86
		Release|x64 = Release|x64
		Release|x86 = Release|x86
	EndGlobalSection
	GlobalSection(ProjectConfigurationPlatforms) = postSolution
		{109267FC-5A89-48EA-993D-A5D60F3E99EE}.Debug|x64.ActiveCfg = Debug|x64
		{109267FC-5A89-48EA-993D-A5D60F3E99EE}.Debug|x64.Build.0 = Debug|x64
		{109267FC-5A89-48EA-993D-A5D60F3E99EE}.Debug|x86.ActiveCfg = Debug|Win32
		{109267FC-5A89-48EA-993D-A5D60F3E99EE}.Debug|x86.Build.0 = Debug|Win32
		{109267FC-5A89-48EA-993D-A5D60F3E99EE}.Release|x64.ActiveCfg = Release|x64
		{109267FC-5A89-48EA-993D-A5D60F3E99EE}.Release|x64.Build.0 = Release|x64
		{109267FC-5A89-48EA-993D-A5D60F3E99EE}.Release|x86.ActiveCfg = Release|Win32
		{109267FC-5A89-48EA-993D-A5D60F3E99EE}.Release|x86.Build.0 = Release|Win32
		{4E8DAAF8-4B85-4625-9234-B5FF792CF52B}.Debug|x64.ActiveCfg = Debug|x64
		{4E8DAAF8-4B85-4625-9234-B5FF792CF52B}.Debug|x64.Build.0 = Debug|x64
		{4E8DAAF8-4B85-4625-9234-B5FF792CF52B}.Debug|x86.ActiveCfg = Debug|Win32
		{4E8DAAF8-4B85-4625-9234-B5FF792CF52B}.Debug|x86.Build.0 = Debug|Win32
		{4E8DAAF8-4B85-4625-9234-B5FF792CF52B}.Release|x64.ActiveCfg = Release|x64
		{4E8DAAF8-4B85-4625-9234-B5FF792CF52B}.Release|x64.Build.0 = Release|x64
		{4E8DAAF8-4B85-4625-9234-B5FF792CF52B}.Release|x86.ActiveCfg = Release|Win32
		{4E8DAAF8-4B85-4625-9234-B5FF792CF52B}.Release|x86.Build.0 = Release|Win32
		{48DBB772-0006-4B94-B477-EE5DDA596FEF}.Debug|x64.ActiveCfg = Debug|x64
		{48DBB772-0006-4B94-B477-EE5DDA596FEF}.Debug|x64.Build.0 = Debug|x64
		{48DBB772-0006-4B94-B477-EE5DDA596FEF}.Debug|x86.ActiveCfg = Debug|Win32
		{48DBB772-0006-4B94-B477-EE5DDA596FEF}.Debug|x86.Build.0 = Debug|Win32
		{48DBB772-0006-4B94-B477-EE5DDA596FEF}.Release|x64.ActiveCfg = Release|x64
		{48DBB772-0006-4B94-B477-EE5DDA596FEF}.Release|x64.Build.0 = Release|x64
		{48DBB772-0006-4B94-B477-EE5DDA596FEF}.Release|x86.ActiveCfg = Release|Win32
		{48DBB772-0006-4B94-B477-EE5DDA596FEF}.Release|x86.Build.0 = Release|Win32
		{67E5CBAB-70C6-4BE2-877E-F5E2FFB478FE}.Debug|x64.ActiveCfg = Debug|x64
		{67E5CBAB-70C6-4BE2-877E-F5E2FFB478FE}.Debug|x64.Build.0 = Debug|x64
		{67E5CBAB-70C6-4BE2-877E-F5E2FFB478FE}.Debug|x86.ActiveCfg = Debug|Win32
		{67E5CBAB-70C6-4BE2-877E-F5E2FFB478FE}.Debug|x86.Build.0 = Debug|Win32
		{67E5CBAB-70C6-4BE2-877E-F5E2FFB478FE}.Release|x64.ActiveCfg = Release|x64
		{67E5CBAB-70C6-4BE2-877E-F5E2FFB478FE}.Release|x64.Build.0 = Release|x64
		{67E5CBAB-70C6-4BE2-877E-F5E2FFB478FE}.Release|x86.ActiveCfg = Release|Win32
		{67E5CBAB-70C6-4BE2-877E-F5E2FFB478FE}.Release|x86.Build.0 = Release|Win32
		{EAAC264B-AD57-4354-B06D-CC1BF6389E05}.Debug|x64.ActiveCfg = Debug|x64
		{EAAC264B-AD57-4354-B06D-CC1BF6389E05}.Debug|x64.Build.0 = Debug|x64
		{EAAC264B-AD57-4354-B06D-CC1BF6389E05}.Debug|x86.ActiveCfg = Debug|Win32
		{EAAC264B-AD57-4354-B06D-CC1BF6389E05}.Debug|x86.Build.0 = Debug|Win32
		{EAAC264B-AD57-4354-B06D-CC1BF6389E05}.Release|x64.ActiveCfg = Release|x64
		{EAAC264B-AD57-4354-B06D-CC1BF6389E05}.Release|x64.Build.0 = Release|x64
		{EAAC264B-AD57-4354-B06D-CC1BF6389E05}.Release|x86.ActiveCfg = Release|Win32
		{EAAC264B-AD57-4354-B06D-CC1BF6389E05}.Release|x86.Build.0 = Release|Win32
	EndGlobalSection
	GlobalSection(SolutionProperties) = preSolution
		HideSolutionNode = FALSE
	EndGlobalSection
	GlobalSection(ExtensibilityGlobals) = postSolution
		SolutionGuid = {A0EF6460-6A2B-4177-95EA-107204DE2A4B}
	EndGlobalSection
EndGlobal
