
Microsoft Visual Studio Solution File, Format Version 12.00
# Visual Studio 15
VisualStudioVersion = 15.0.28307.168
MinimumVisualStudioVersion = 10.0.40219.1
Project("{8BC9CEB8-8B4A-11D0-8D11-00A0C91BC942}") = "Introduction to Win32", "Introduction to Win32\Introduction to Win32.vcxproj", "{109267FC-5A89-48EA-993D-A5D60F3E99EE}"
EndProject
Project("{8BC9CEB8-8B4A-11D0-8D11-00A0C91BC942}") = "Init D3D11", "Init D3D11\Init D3D11.vcxproj", "{4E8DAAF8-4B85-4625-9234-B5FF792CF52B}"
EndProject
Project("{8BC9CEB8-8B4A-11D0-8D11-00A0C91BC942}") = "Draw A Triangle", "Draw A Triangle\Draw A Triangle.vcxproj", "{48DBB772-0006-4B94-B477-EE5DDA596FEF}"
EndProject
Project("{8BC9CEB8-8B4A-11D0-8D11-00A0C91BC942}") = "Color", "Color\Color.vcxproj", "{67E5CBAB-70C6-4BE2-877E-F5E2FFB478FE}"
EndProject
Project("{8BC9CEB8-8B4A-11D0-8D11-00A0C91BC942}") = "Indices(Index Buffer)", "Indices(Index Buffer)\Indices(Index Buffer).vcxproj", "{EAAC264B-AD57-4354-B06D-CC1BF6389E05}"
EndProject
Project("{8BC9CEB8-8B4A-11D0-8D11-00A0C91BC942}") = "Depth", "Depth\Depth.vcxproj", "{FDADF00A-398A-406C-A3F4-3F20A16BEA11}"
EndProject
Project("{8BC9CEB8-8B4A-11D0-8D11-00A0C91BC942}") = "World View Projection Spaces", "World View Projection Spaces\World View Projection Spaces.vcxproj", "{019D399A-C98C-4241-AF4C-979F95822941}"
EndProject
Project("{8BC9CEB8-8B4A-11D0-8D11-00A0C91BC942}") = "Transform", "Transform\Transform.vcxproj", "{E26966F2-96D2-404A-B522-6F4C5A8C15B3}"
EndProject
Project("{8BC9CEB8-8B4A-11D0-8D11-00A0C91BC942}") = "Render State", "Render State\Render State.vcxproj", "{2C824317-1FC2-4C8B-9F36-E66CB3EB7B5B}"
EndProject
Project("{8BC9CEB8-8B4A-11D0-8D11-00A0C91BC942}") = "Textures", "Textures\Textures.vcxproj", "{2F95CCD9-2D86-4F3F-935B-56A450FE55DC}"
EndProject
Project("{8BC9CEB8-8B4A-11D0-8D11-00A0C91BC942}") = "Blending", "Blending\Blending.vcxproj", "{501AF1A4-C0ED-4293-842C-F592BD7F96D7}"
EndProject
Project("{8BC9CEB8-8B4A-11D0-8D11-00A0C91BC942}") = "Pixel Clipping", "Pixel Clipping\Pixel Clipping.vcxproj", "{28CC03A8-F793-4AB3-91C5-1112DCCDD683}"
EndProject
Global
	GlobalSection(SolutionConfigurationPlatforms) = preSolution
		Debug|ARM = Debug|ARM
		Debug|ARM64 = Debug|ARM64
		Debug|x64 = Debug|x64
		Debug|x86 = Debug|x86
		Release|ARM = Release|ARM
		Release|ARM64 = Release|ARM64
		Release|x64 = Release|x64
		Release|x86 = Release|x86
	EndGlobalSection
	GlobalSection(ProjectConfigurationPlatforms) = postSolution
		{109267FC-5A89-48EA-993D-A5D60F3E99EE}.Debug|ARM.ActiveCfg = Debug|Win32
		{109267FC-5A89-48EA-993D-A5D60F3E99EE}.Debug|ARM64.ActiveCfg = Debug|Win32
		{109267FC-5A89-48EA-993D-A5D60F3E99EE}.Debug|x64.ActiveCfg = Debug|x64
		{109267FC-5A89-48EA-993D-A5D60F3E99EE}.Debug|x64.Build.0 = Debug|x64
		{109267FC-5A89-48EA-993D-A5D60F3E99EE}.Debug|x86.ActiveCfg = Debug|Win32
		{109267FC-5A89-48EA-993D-A5D60F3E99EE}.Debug|x86.Build.0 = Debug|Win32
		{109267FC-5A89-48EA-993D-A5D60F3E99EE}.Release|ARM.ActiveCfg = Release|Win32
		{109267FC-5A89-48EA-993D-A5D60F3E99EE}.Release|ARM64.ActiveCfg = Release|Win32
		{109267FC-5A89-48EA-993D-A5D60F3E99EE}.Release|x64.ActiveCfg = Release|x64
		{109267FC-5A89-48EA-993D-A5D60F3E99EE}.Release|x64.Build.0 = Release|x64
		{109267FC-5A89-48EA-993D-A5D60F3E99EE}.Release|x86.ActiveCfg = Release|Win32
		{109267FC-5A89-48EA-993D-A5D60F3E99EE}.Release|x86.Build.0 = Release|Win32
		{4E8DAAF8-4B85-4625-9234-B5FF792CF52B}.Debug|ARM.ActiveCfg = Debug|Win32
		{4E8DAAF8-4B85-4625-9234-B5FF792CF52B}.Debug|ARM64.ActiveCfg = Debug|Win32
		{4E8DAAF8-4B85-4625-9234-B5FF792CF52B}.Debug|x64.ActiveCfg = Debug|x64
		{4E8DAAF8-4B85-4625-9234-B5FF792CF52B}.Debug|x64.Build.0 = Debug|x64
		{4E8DAAF8-4B85-4625-9234-B5FF792CF52B}.Debug|x86.ActiveCfg = Debug|Win32
		{4E8DAAF8-4B85-4625-9234-B5FF792CF52B}.Debug|x86.Build.0 = Debug|Win32
		{4E8DAAF8-4B85-4625-9234-B5FF792CF52B}.Release|ARM.ActiveCfg = Release|Win32
		{4E8DAAF8-4B85-4625-9234-B5FF792CF52B}.Release|ARM64.ActiveCfg = Release|Win32
		{4E8DAAF8-4B85-4625-9234-B5FF792CF52B}.Release|x64.ActiveCfg = Release|x64
		{4E8DAAF8-4B85-4625-9234-B5FF792CF52B}.Release|x64.Build.0 = Release|x64
		{4E8DAAF8-4B85-4625-9234-B5FF792CF52B}.Release|x86.ActiveCfg = Release|Win32
		{4E8DAAF8-4B85-4625-9234-B5FF792CF52B}.Release|x86.Build.0 = Release|Win32
		{48DBB772-0006-4B94-B477-EE5DDA596FEF}.Debug|ARM.ActiveCfg = Debug|Win32
		{48DBB772-0006-4B94-B477-EE5DDA596FEF}.Debug|ARM64.ActiveCfg = Debug|Win32
		{48DBB772-0006-4B94-B477-EE5DDA596FEF}.Debug|x64.ActiveCfg = Debug|x64
		{48DBB772-0006-4B94-B477-EE5DDA596FEF}.Debug|x64.Build.0 = Debug|x64
		{48DBB772-0006-4B94-B477-EE5DDA596FEF}.Debug|x86.ActiveCfg = Debug|Win32
		{48DBB772-0006-4B94-B477-EE5DDA596FEF}.Debug|x86.Build.0 = Debug|Win32
		{48DBB772-0006-4B94-B477-EE5DDA596FEF}.Release|ARM.ActiveCfg = Release|Win32
		{48DBB772-0006-4B94-B477-EE5DDA596FEF}.Release|ARM64.ActiveCfg = Release|Win32
		{48DBB772-0006-4B94-B477-EE5DDA596FEF}.Release|x64.ActiveCfg = Release|x64
		{48DBB772-0006-4B94-B477-EE5DDA596FEF}.Release|x64.Build.0 = Release|x64
		{48DBB772-0006-4B94-B477-EE5DDA596FEF}.Release|x86.ActiveCfg = Release|Win32
		{48DBB772-0006-4B94-B477-EE5DDA596FEF}.Release|x86.Build.0 = Release|Win32
		{67E5CBAB-70C6-4BE2-877E-F5E2FFB478FE}.Debug|ARM.ActiveCfg = Debug|Win32
		{67E5CBAB-70C6-4BE2-877E-F5E2FFB478FE}.Debug|ARM64.ActiveCfg = Debug|Win32
		{67E5CBAB-70C6-4BE2-877E-F5E2FFB478FE}.Debug|x64.ActiveCfg = Debug|x64
		{67E5CBAB-70C6-4BE2-877E-F5E2FFB478FE}.Debug|x64.Build.0 = Debug|x64
		{67E5CBAB-70C6-4BE2-877E-F5E2FFB478FE}.Debug|x86.ActiveCfg = Debug|Win32
		{67E5CBAB-70C6-4BE2-877E-F5E2FFB478FE}.Debug|x86.Build.0 = Debug|Win32
		{67E5CBAB-70C6-4BE2-877E-F5E2FFB478FE}.Release|ARM.ActiveCfg = Release|Win32
		{67E5CBAB-70C6-4BE2-877E-F5E2FFB478FE}.Release|ARM64.ActiveCfg = Release|Win32
		{67E5CBAB-70C6-4BE2-877E-F5E2FFB478FE}.Release|x64.ActiveCfg = Release|x64
		{67E5CBAB-70C6-4BE2-877E-F5E2FFB478FE}.Release|x64.Build.0 = Release|x64
		{67E5CBAB-70C6-4BE2-877E-F5E2FFB478FE}.Release|x86.ActiveCfg = Release|Win32
		{67E5CBAB-70C6-4BE2-877E-F5E2FFB478FE}.Release|x86.Build.0 = Release|Win32
		{EAAC264B-AD57-4354-B06D-CC1BF6389E05}.Debug|ARM.ActiveCfg = Debug|Win32
		{EAAC264B-AD57-4354-B06D-CC1BF6389E05}.Debug|ARM64.ActiveCfg = Debug|Win32
		{EAAC264B-AD57-4354-B06D-CC1BF6389E05}.Debug|x64.ActiveCfg = Debug|x64
		{EAAC264B-AD57-4354-B06D-CC1BF6389E05}.Debug|x64.Build.0 = Debug|x64
		{EAAC264B-AD57-4354-B06D-CC1BF6389E05}.Debug|x86.ActiveCfg = Debug|Win32
		{EAAC264B-AD57-4354-B06D-CC1BF6389E05}.Debug|x86.Build.0 = Debug|Win32
		{EAAC264B-AD57-4354-B06D-CC1BF6389E05}.Release|ARM.ActiveCfg = Release|Win32
		{EAAC264B-AD57-4354-B06D-CC1BF6389E05}.Release|ARM64.ActiveCfg = Release|Win32
		{EAAC264B-AD57-4354-B06D-CC1BF6389E05}.Release|x64.ActiveCfg = Release|x64
		{EAAC264B-AD57-4354-B06D-CC1BF6389E05}.Release|x64.Build.0 = Release|x64
		{EAAC264B-AD57-4354-B06D-CC1BF6389E05}.Release|x86.ActiveCfg = Release|Win32
		{EAAC264B-AD57-4354-B06D-CC1BF6389E05}.Release|x86.Build.0 = Release|Win32
		{FDADF00A-398A-406C-A3F4-3F20A16BEA11}.Debug|ARM.ActiveCfg = Debug|Win32
		{FDADF00A-398A-406C-A3F4-3F20A16BEA11}.Debug|ARM64.ActiveCfg = Debug|Win32
		{FDADF00A-398A-406C-A3F4-3F20A16BEA11}.Debug|x64.ActiveCfg = Debug|x64
		{FDADF00A-398A-406C-A3F4-3F20A16BEA11}.Debug|x64.Build.0 = Debug|x64
		{FDADF00A-398A-406C-A3F4-3F20A16BEA11}.Debug|x86.ActiveCfg = Debug|Win32
		{FDADF00A-398A-406C-A3F4-3F20A16BEA11}.Debug|x86.Build.0 = Debug|Win32
		{FDADF00A-398A-406C-A3F4-3F20A16BEA11}.Release|ARM.ActiveCfg = Release|Win32
		{FDADF00A-398A-406C-A3F4-3F20A16BEA11}.Release|ARM64.ActiveCfg = Release|Win32
		{FDADF00A-398A-406C-A3F4-3F20A16BEA11}.Release|x64.ActiveCfg = Release|x64
		{FDADF00A-398A-406C-A3F4-3F20A16BEA11}.Release|x64.Build.0 = Release|x64
		{FDADF00A-398A-406C-A3F4-3F20A16BEA11}.Release|x86.ActiveCfg = Release|Win32
		{FDADF00A-398A-406C-A3F4-3F20A16BEA11}.Release|x86.Build.0 = Release|Win32
		{019D399A-C98C-4241-AF4C-979F95822941}.Debug|ARM.ActiveCfg = Debug|Win32
		{019D399A-C98C-4241-AF4C-979F95822941}.Debug|ARM64.ActiveCfg = Debug|Win32
		{019D399A-C98C-4241-AF4C-979F95822941}.Debug|x64.ActiveCfg = Debug|x64
		{019D399A-C98C-4241-AF4C-979F95822941}.Debug|x64.Build.0 = Debug|x64
		{019D399A-C98C-4241-AF4C-979F95822941}.Debug|x86.ActiveCfg = Debug|Win32
		{019D399A-C98C-4241-AF4C-979F95822941}.Debug|x86.Build.0 = Debug|Win32
		{019D399A-C98C-4241-AF4C-979F95822941}.Release|ARM.ActiveCfg = Release|Win32
		{019D399A-C98C-4241-AF4C-979F95822941}.Release|ARM64.ActiveCfg = Release|Win32
		{019D399A-C98C-4241-AF4C-979F95822941}.Release|x64.ActiveCfg = Release|x64
		{019D399A-C98C-4241-AF4C-979F95822941}.Release|x64.Build.0 = Release|x64
		{019D399A-C98C-4241-AF4C-979F95822941}.Release|x86.ActiveCfg = Release|Win32
		{019D399A-C98C-4241-AF4C-979F95822941}.Release|x86.Build.0 = Release|Win32
		{E26966F2-96D2-404A-B522-6F4C5A8C15B3}.Debug|ARM.ActiveCfg = Debug|Win32
		{E26966F2-96D2-404A-B522-6F4C5A8C15B3}.Debug|ARM64.ActiveCfg = Debug|Win32
		{E26966F2-96D2-404A-B522-6F4C5A8C15B3}.Debug|x64.ActiveCfg = Debug|x64
		{E26966F2-96D2-404A-B522-6F4C5A8C15B3}.Debug|x64.Build.0 = Debug|x64
		{E26966F2-96D2-404A-B522-6F4C5A8C15B3}.Debug|x86.ActiveCfg = Debug|Win32
		{E26966F2-96D2-404A-B522-6F4C5A8C15B3}.Debug|x86.Build.0 = Debug|Win32
		{E26966F2-96D2-404A-B522-6F4C5A8C15B3}.Release|ARM.ActiveCfg = Release|Win32
		{E26966F2-96D2-404A-B522-6F4C5A8C15B3}.Release|ARM64.ActiveCfg = Release|Win32
		{E26966F2-96D2-404A-B522-6F4C5A8C15B3}.Release|x64.ActiveCfg = Release|x64
		{E26966F2-96D2-404A-B522-6F4C5A8C15B3}.Release|x64.Build.0 = Release|x64
		{E26966F2-96D2-404A-B522-6F4C5A8C15B3}.Release|x86.ActiveCfg = Release|Win32
		{E26966F2-96D2-404A-B522-6F4C5A8C15B3}.Release|x86.Build.0 = Release|Win32
		{2C824317-1FC2-4C8B-9F36-E66CB3EB7B5B}.Debug|ARM.ActiveCfg = Debug|Win32
		{2C824317-1FC2-4C8B-9F36-E66CB3EB7B5B}.Debug|ARM64.ActiveCfg = Debug|Win32
		{2C824317-1FC2-4C8B-9F36-E66CB3EB7B5B}.Debug|x64.ActiveCfg = Debug|x64
		{2C824317-1FC2-4C8B-9F36-E66CB3EB7B5B}.Debug|x64.Build.0 = Debug|x64
		{2C824317-1FC2-4C8B-9F36-E66CB3EB7B5B}.Debug|x86.ActiveCfg = Debug|Win32
		{2C824317-1FC2-4C8B-9F36-E66CB3EB7B5B}.Debug|x86.Build.0 = Debug|Win32
		{2C824317-1FC2-4C8B-9F36-E66CB3EB7B5B}.Release|ARM.ActiveCfg = Release|Win32
		{2C824317-1FC2-4C8B-9F36-E66CB3EB7B5B}.Release|ARM64.ActiveCfg = Release|Win32
		{2C824317-1FC2-4C8B-9F36-E66CB3EB7B5B}.Release|x64.ActiveCfg = Release|x64
		{2C824317-1FC2-4C8B-9F36-E66CB3EB7B5B}.Release|x64.Build.0 = Release|x64
		{2C824317-1FC2-4C8B-9F36-E66CB3EB7B5B}.Release|x86.ActiveCfg = Release|Win32
		{2C824317-1FC2-4C8B-9F36-E66CB3EB7B5B}.Release|x86.Build.0 = Release|Win32
		{2F95CCD9-2D86-4F3F-935B-56A450FE55DC}.Debug|ARM.ActiveCfg = Debug|Win32
		{2F95CCD9-2D86-4F3F-935B-56A450FE55DC}.Debug|ARM64.ActiveCfg = Debug|Win32
		{2F95CCD9-2D86-4F3F-935B-56A450FE55DC}.Debug|x64.ActiveCfg = Debug|x64
		{2F95CCD9-2D86-4F3F-935B-56A450FE55DC}.Debug|x64.Build.0 = Debug|x64
		{2F95CCD9-2D86-4F3F-935B-56A450FE55DC}.Debug|x86.ActiveCfg = Debug|Win32
		{2F95CCD9-2D86-4F3F-935B-56A450FE55DC}.Debug|x86.Build.0 = Debug|Win32
		{2F95CCD9-2D86-4F3F-935B-56A450FE55DC}.Release|ARM.ActiveCfg = Release|Win32
		{2F95CCD9-2D86-4F3F-935B-56A450FE55DC}.Release|ARM64.ActiveCfg = Release|Win32
		{2F95CCD9-2D86-4F3F-935B-56A450FE55DC}.Release|x64.ActiveCfg = Release|x64
		{2F95CCD9-2D86-4F3F-935B-56A450FE55DC}.Release|x64.Build.0 = Release|x64
		{2F95CCD9-2D86-4F3F-935B-56A450FE55DC}.Release|x86.ActiveCfg = Release|Win32
		{2F95CCD9-2D86-4F3F-935B-56A450FE55DC}.Release|x86.Build.0 = Release|Win32
		{501AF1A4-C0ED-4293-842C-F592BD7F96D7}.Debug|ARM.ActiveCfg = Debug|Win32
		{501AF1A4-C0ED-4293-842C-F592BD7F96D7}.Debug|ARM64.ActiveCfg = Debug|Win32
		{501AF1A4-C0ED-4293-842C-F592BD7F96D7}.Debug|x64.ActiveCfg = Debug|x64
		{501AF1A4-C0ED-4293-842C-F592BD7F96D7}.Debug|x64.Build.0 = Debug|x64
		{501AF1A4-C0ED-4293-842C-F592BD7F96D7}.Debug|x86.ActiveCfg = Debug|Win32
		{501AF1A4-C0ED-4293-842C-F592BD7F96D7}.Debug|x86.Build.0 = Debug|Win32
		{501AF1A4-C0ED-4293-842C-F592BD7F96D7}.Release|ARM.ActiveCfg = Release|Win32
		{501AF1A4-C0ED-4293-842C-F592BD7F96D7}.Release|ARM64.ActiveCfg = Release|Win32
		{501AF1A4-C0ED-4293-842C-F592BD7F96D7}.Release|x64.ActiveCfg = Release|x64
		{501AF1A4-C0ED-4293-842C-F592BD7F96D7}.Release|x64.Build.0 = Release|x64
		{501AF1A4-C0ED-4293-842C-F592BD7F96D7}.Release|x86.ActiveCfg = Release|Win32
		{501AF1A4-C0ED-4293-842C-F592BD7F96D7}.Release|x86.Build.0 = Release|Win32
		{28CC03A8-F793-4AB3-91C5-1112DCCDD683}.Debug|ARM.ActiveCfg = Debug|Win32
		{28CC03A8-F793-4AB3-91C5-1112DCCDD683}.Debug|ARM64.ActiveCfg = Debug|Win32
		{28CC03A8-F793-4AB3-91C5-1112DCCDD683}.Debug|x64.ActiveCfg = Debug|x64
		{28CC03A8-F793-4AB3-91C5-1112DCCDD683}.Debug|x64.Build.0 = Debug|x64
		{28CC03A8-F793-4AB3-91C5-1112DCCDD683}.Debug|x86.ActiveCfg = Debug|Win32
		{28CC03A8-F793-4AB3-91C5-1112DCCDD683}.Debug|x86.Build.0 = Debug|Win32
		{28CC03A8-F793-4AB3-91C5-1112DCCDD683}.Release|ARM.ActiveCfg = Release|Win32
		{28CC03A8-F793-4AB3-91C5-1112DCCDD683}.Release|ARM64.ActiveCfg = Release|Win32
		{28CC03A8-F793-4AB3-91C5-1112DCCDD683}.Release|x64.ActiveCfg = Release|x64
		{28CC03A8-F793-4AB3-91C5-1112DCCDD683}.Release|x64.Build.0 = Release|x64
		{28CC03A8-F793-4AB3-91C5-1112DCCDD683}.Release|x86.ActiveCfg = Release|Win32
		{28CC03A8-F793-4AB3-91C5-1112DCCDD683}.Release|x86.Build.0 = Release|Win32
	EndGlobalSection
	GlobalSection(SolutionProperties) = preSolution
		HideSolutionNode = FALSE
	EndGlobalSection
	GlobalSection(ExtensibilityGlobals) = postSolution
		SolutionGuid = {A0EF6460-6A2B-4177-95EA-107204DE2A4B}
	EndGlobalSection
EndGlobal
